<Solution>
  <Folder Name="/src/">
    <Project Path="src/JobApplicationTracker.Api/JobApplicationTracker.Api.csproj" />
  </Folder>
  <Folder Name="/tests/">
    <Project Path="tests/JobApplicationTracker.IntegrationTests/JobApplicationTracker.IntegrationTests.csproj" />
    <Project Path="tests/JobApplicationTracker.UnitTests/JobApplicationTracker.UnitTests.csproj" />
  </Folder>
</Solution>
